
Microsoft Visual Studio Solution File, Format Version 12.00
# Visual Studio Version 17
VisualStudioVersion = 17.14.36511.14 d17.14
MinimumVisualStudioVersion = 10.0.40219.1
Project("{FAE04EC0-301F-11D3-BF4B-00C04F79EFBC}") = "24DG112073_Be2", "24DG112073_Be2\24DG112073_Be2.csproj", "{6C05C853-7F04-4669-A40F-209E5C6BB440}"
EndProject
Global
	GlobalSection(SolutionConfigurationPlatforms) = preSolution
		Debug|Any CPU = Debug|Any CPU
		Release|Any CPU = Release|Any CPU
	EndGlobalSection
	GlobalSection(ProjectConfigurationPlatforms) = postSolution
		{6C05C853-7F04-4669-A40F-209E5C6BB440}.Debug|Any CPU.ActiveCfg = Debug|Any CPU
		{6C05C853-7F04-4669-A40F-209E5C6BB440}.Debug|Any CPU.Build.0 = Debug|Any CPU
		{6C05C853-7F04-4669-A40F-209E5C6BB440}.Release|Any CPU.ActiveCfg = Release|Any CPU
		{6C05C853-7F04-4669-A40F-209E5C6BB440}.Release|Any CPU.Build.0 = Release|Any CPU
	EndGlobalSection
	GlobalSection(SolutionProperties) = preSolution
		HideSolutionNode = FALSE
	EndGlobalSection
	GlobalSection(ExtensibilityGlobals) = postSolution
		SolutionGuid = {240F3033-9949-4C91-AB4C-F214779C19BE}
	EndGlobalSection
EndGlobal

